
Microsoft Visual Studio Solution File, Format Version 12.00
# Visual Studio Version 17
VisualStudioVersion = 17.4.33213.308
MinimumVisualStudioVersion = 10.0.40219.1
Project("{FAE04EC0-301F-11D3-BF4B-00C04F79EFBC}") = "Mydocker", "Mydocker.csproj", "{8F195FB9-255F-454B-93AB-63C7031BAD0E}"
EndProject
Global
	GlobalSection(SolutionConfigurationPlatforms) = preSolution
		Debug|Any CPU = Debug|Any CPU
		Release|Any CPU = Release|Any CPU
	EndGlobalSection
	GlobalSection(ProjectConfigurationPlatforms) = postSolution
		{8F195FB9-255F-454B-93AB-63C7031BAD0E}.Debug|Any CPU.ActiveCfg = Debug|Any CPU
		{8F195FB9-255F-454B-93AB-63C7031BAD0E}.Debug|Any CPU.Build.0 = Debug|Any CPU
		{8F195FB9-255F-454B-93AB-63C7031BAD0E}.Release|Any CPU.ActiveCfg = Release|Any CPU
		{8F195FB9-255F-454B-93AB-63C7031BAD0E}.Release|Any CPU.Build.0 = Release|Any CPU
	EndGlobalSection
	GlobalSection(SolutionProperties) = preSolution
		HideSolutionNode = FALSE
	EndGlobalSection
	GlobalSection(ExtensibilityGlobals) = postSolution
		SolutionGuid = {C48E58D5-1322-4A33-B602-5B6DC3EB81CE}
	EndGlobalSection
EndGlobal
